// !$*UTF8*$!
{
	archiveVersion = 1;
	classes = {
	};
	objectVersion = 51;
	objects = {

/* Begin PBXBuildFile section */
		1CC71B9C3187D1823E6CB850 /* Pods_InstagramFirebase.framework in Frameworks */ = {isa = PBXBuildFile; fileRef = 7C7CA14AE196B5464008DE0B /* Pods_InstagramFirebase.framework */; };
		DC0BB25525F714BE00F7FE5E /* MainTabBarController.swift in Sources */ = {isa = PBXBuildFile; fileRef = DC0BB25425F714BE00F7FE5E /* MainTabBarController.swift */; };
		DC0BB25825F7155800F7FE5E /* UserProfileController.swift in Sources */ = {isa = PBXBuildFile; fileRef = DC0BB25725F7155800F7FE5E /* UserProfileController.swift */; };
		DC0BB25A25F7165600F7FE5E /* UIViewController+navInTabBar.swift in Sources */ = {isa = PBXBuildFile; fileRef = DC0BB25925F7165600F7FE5E /* UIViewController+navInTabBar.swift */; };
		DC0BB25D25F7345200F7FE5E /* UserProfileHeader.swift in Sources */ = {isa = PBXBuildFile; fileRef = DC0BB25C25F7345200F7FE5E /* UserProfileHeader.swift */; };
		DC0BB25F25F736A400F7FE5E /* CellID.swift in Sources */ = {isa = PBXBuildFile; fileRef = DC0BB25E25F736A400F7FE5E /* CellID.swift */; };
		DC0BB26225F7390000F7FE5E /* User.swift in Sources */ = {isa = PBXBuildFile; fileRef = DC0BB26125F7390000F7FE5E /* User.swift */; };
		DC101D2725F908AF00626833 /* PhotoSelectorHeader.swift in Sources */ = {isa = PBXBuildFile; fileRef = DC101D2625F908AF00626833 /* PhotoSelectorHeader.swift */; };
		DC168C4125F3C56700D9E1D4 /* AppDelegate.swift in Sources */ = {isa = PBXBuildFile; fileRef = DC168C4025F3C56700D9E1D4 /* AppDelegate.swift */; };
		DC168C4325F3C56700D9E1D4 /* SceneDelegate.swift in Sources */ = {isa = PBXBuildFile; fileRef = DC168C4225F3C56700D9E1D4 /* SceneDelegate.swift */; };
		DC168C4525F3C56700D9E1D4 /* SignUpController.swift in Sources */ = {isa = PBXBuildFile; fileRef = DC168C4425F3C56700D9E1D4 /* SignUpController.swift */; };
		DC168C4A25F3C56800D9E1D4 /* Assets.xcassets in Resources */ = {isa = PBXBuildFile; fileRef = DC168C4925F3C56800D9E1D4 /* Assets.xcassets */; };
		DC168C4D25F3C56800D9E1D4 /* LaunchScreen.storyboard in Resources */ = {isa = PBXBuildFile; fileRef = DC168C4B25F3C56800D9E1D4 /* LaunchScreen.storyboard */; };
		DC168C5725F3D26600D9E1D4 /* UIView+layout.swift in Sources */ = {isa = PBXBuildFile; fileRef = DC168C5625F3D26600D9E1D4 /* UIView+layout.swift */; };
		DC168C5925F3D27800D9E1D4 /* UIStackView+predefinedStackView.swift in Sources */ = {isa = PBXBuildFile; fileRef = DC168C5825F3D27700D9E1D4 /* UIStackView+predefinedStackView.swift */; };
		DC1E1F9225F7618E00A99BA1 /* UIView+onesideBorder.swift in Sources */ = {isa = PBXBuildFile; fileRef = DC1E1F9125F7618E00A99BA1 /* UIView+onesideBorder.swift */; };
		DC1E1F9425F7A35400A99BA1 /* LoginController.swift in Sources */ = {isa = PBXBuildFile; fileRef = DC1E1F9325F7A35400A99BA1 /* LoginController.swift */; };
		DC361E7825FB296800E09675 /* InstagramFirebaseService.swift in Sources */ = {isa = PBXBuildFile; fileRef = DC361E7725FB296800E09675 /* InstagramFirebaseService.swift */; };
		DC361E7F25FB53D100E09675 /* UserSearchController.swift in Sources */ = {isa = PBXBuildFile; fileRef = DC361E7E25FB53D100E09675 /* UserSearchController.swift */; };
		DC361E8125FB57A400E09675 /* UserSearchCell.swift in Sources */ = {isa = PBXBuildFile; fileRef = DC361E8025FB57A400E09675 /* UserSearchCell.swift */; };
		DC5BB5F226032B3B003CCE68 /* PreviewView.swift in Sources */ = {isa = PBXBuildFile; fileRef = DC5BB5F126032B3B003CCE68 /* PreviewView.swift */; };
		DC5BB5F426032B74003CCE68 /* ItemSelectionController.swift in Sources */ = {isa = PBXBuildFile; fileRef = DC5BB5F326032B74003CCE68 /* ItemSelectionController.swift */; };
		DC5BB5F626032BCF003CCE68 /* PhotoCaptureDelegate.swift in Sources */ = {isa = PBXBuildFile; fileRef = DC5BB5F526032BCF003CCE68 /* PhotoCaptureDelegate.swift */; };
		DC5BB5F826033496003CCE68 /* CameraController.xib in Resources */ = {isa = PBXBuildFile; fileRef = DC5BB5F726033496003CCE68 /* CameraController.xib */; };
		DC5BB5FB26039D13003CCE68 /* PopAnimator.swift in Sources */ = {isa = PBXBuildFile; fileRef = DC5BB5FA26039D13003CCE68 /* PopAnimator.swift */; };
		DC5BB5FD26039D71003CCE68 /* HomeController+transitioningDelegate.swift in Sources */ = {isa = PBXBuildFile; fileRef = DC5BB5FC26039D71003CCE68 /* HomeController+transitioningDelegate.swift */; };
		DC5D69A22601A1D3008E5BCC /* CameraController.swift in Sources */ = {isa = PBXBuildFile; fileRef = DC5D69A12601A1D3008E5BCC /* CameraController.swift */; };
		DC647F792600634C0079579D /* Date+timeAgo.swift in Sources */ = {isa = PBXBuildFile; fileRef = DC647F782600634C0079579D /* Date+timeAgo.swift */; };
		DC766B4325F9A64C0051EA14 /* PostPhotoController.swift in Sources */ = {isa = PBXBuildFile; fileRef = DC766B4225F9A64C0051EA14 /* PostPhotoController.swift */; };
		DC766B4525F9D8410051EA14 /* Post.swift in Sources */ = {isa = PBXBuildFile; fileRef = DC766B4425F9D8410051EA14 /* Post.swift */; };
		DC766B4725F9F0D90051EA14 /* UserProfileCell.swift in Sources */ = {isa = PBXBuildFile; fileRef = DC766B4625F9F0D80051EA14 /* UserProfileCell.swift */; };
		DC766B4925FA04BE0051EA14 /* ImageFetcherView.swift in Sources */ = {isa = PBXBuildFile; fileRef = DC766B4825FA04BE0051EA14 /* ImageFetcherView.swift */; };
		DC766B4B25FA15DD0051EA14 /* HomeController.swift in Sources */ = {isa = PBXBuildFile; fileRef = DC766B4A25FA15DD0051EA14 /* HomeController.swift */; };
		DC766B4D25FA169D0051EA14 /* HomeCell.swift in Sources */ = {isa = PBXBuildFile; fileRef = DC766B4C25FA169D0051EA14 /* HomeCell.swift */; };
		DC766B5025FA1D170051EA14 /* InstagramFileManager.swift in Sources */ = {isa = PBXBuildFile; fileRef = DC766B4F25FA1D170051EA14 /* InstagramFileManager.swift */; };
		DC766B5425FA47970051EA14 /* HomeCell.xib in Resources */ = {isa = PBXBuildFile; fileRef = DC766B5325FA47970051EA14 /* HomeCell.xib */; };
		DC78820025FF59CF002E4F5F /* LoadingButton.swift in Sources */ = {isa = PBXBuildFile; fileRef = DC7881FF25FF59CF002E4F5F /* LoadingButton.swift */; };
		DC88672E25F879E900C92257 /* PhotoSelectorController.swift in Sources */ = {isa = PBXBuildFile; fileRef = DC88672D25F879E900C92257 /* PhotoSelectorController.swift */; };
		DC88673025F8A03A00C92257 /* PhotoSelectorCell.swift in Sources */ = {isa = PBXBuildFile; fileRef = DC88672F25F8A03A00C92257 /* PhotoSelectorCell.swift */; };
		DC9D2A4E25F4FE7700AA4AAA /* UIImage+colorConstructor.swift in Sources */ = {isa = PBXBuildFile; fileRef = DC9D2A4D25F4FE7700AA4AAA /* UIImage+colorConstructor.swift */; };
		DCBE223225F670A2000E3A4F /* GoogleService-Info.plist in Resources */ = {isa = PBXBuildFile; fileRef = DCBE223125F670A2000E3A4F /* GoogleService-Info.plist */; };
/* End PBXBuildFile section */

/* Begin PBXFileReference section */
		442D0C9A392F29E2430D7859 /* Pods-InstagramFirebase.debug.xcconfig */ = {isa = PBXFileReference; includeInIndex = 1; lastKnownFileType = text.xcconfig; name = "Pods-InstagramFirebase.debug.xcconfig"; path = "Target Support Files/Pods-InstagramFirebase/Pods-InstagramFirebase.debug.xcconfig"; sourceTree = "<group>"; };
		66066048BFB49B4F00E572F0 /* Pods-InstagramFirebase.release.xcconfig */ = {isa = PBXFileReference; includeInIndex = 1; lastKnownFileType = text.xcconfig; name = "Pods-InstagramFirebase.release.xcconfig"; path = "Target Support Files/Pods-InstagramFirebase/Pods-InstagramFirebase.release.xcconfig"; sourceTree = "<group>"; };
		7C7CA14AE196B5464008DE0B /* Pods_InstagramFirebase.framework */ = {isa = PBXFileReference; explicitFileType = wrapper.framework; includeInIndex = 0; path = Pods_InstagramFirebase.framework; sourceTree = BUILT_PRODUCTS_DIR; };
		DC0BB25425F714BE00F7FE5E /* MainTabBarController.swift */ = {isa = PBXFileReference; lastKnownFileType = sourcecode.swift; path = MainTabBarController.swift; sourceTree = "<group>"; };
		DC0BB25725F7155800F7FE5E /* UserProfileController.swift */ = {isa = PBXFileReference; lastKnownFileType = sourcecode.swift; path = UserProfileController.swift; sourceTree = "<group>"; };
		DC0BB25925F7165600F7FE5E /* UIViewController+navInTabBar.swift */ = {isa = PBXFileReference; fileEncoding = 4; lastKnownFileType = sourcecode.swift; path = "UIViewController+navInTabBar.swift"; sourceTree = "<group>"; };
		DC0BB25C25F7345200F7FE5E /* UserProfileHeader.swift */ = {isa = PBXFileReference; lastKnownFileType = sourcecode.swift; path = UserProfileHeader.swift; sourceTree = "<group>"; };
		DC0BB25E25F736A400F7FE5E /* CellID.swift */ = {isa = PBXFileReference; lastKnownFileType = sourcecode.swift; path = CellID.swift; sourceTree = "<group>"; };
		DC0BB26125F7390000F7FE5E /* User.swift */ = {isa = PBXFileReference; lastKnownFileType = sourcecode.swift; path = User.swift; sourceTree = "<group>"; };
		DC101D2625F908AF00626833 /* PhotoSelectorHeader.swift */ = {isa = PBXFileReference; lastKnownFileType = sourcecode.swift; path = PhotoSelectorHeader.swift; sourceTree = "<group>"; };
		DC168C3D25F3C56700D9E1D4 /* InstagramFirebase.app */ = {isa = PBXFileReference; explicitFileType = wrapper.application; includeInIndex = 0; path = InstagramFirebase.app; sourceTree = BUILT_PRODUCTS_DIR; };
		DC168C4025F3C56700D9E1D4 /* AppDelegate.swift */ = {isa = PBXFileReference; lastKnownFileType = sourcecode.swift; path = AppDelegate.swift; sourceTree = "<group>"; };
		DC168C4225F3C56700D9E1D4 /* SceneDelegate.swift */ = {isa = PBXFileReference; lastKnownFileType = sourcecode.swift; path = SceneDelegate.swift; sourceTree = "<group>"; };
		DC168C4425F3C56700D9E1D4 /* SignUpController.swift */ = {isa = PBXFileReference; lastKnownFileType = sourcecode.swift; path = SignUpController.swift; sourceTree = "<group>"; };
		DC168C4925F3C56800D9E1D4 /* Assets.xcassets */ = {isa = PBXFileReference; lastKnownFileType = folder.assetcatalog; path = Assets.xcassets; sourceTree = "<group>"; };
		DC168C4C25F3C56800D9E1D4 /* Base */ = {isa = PBXFileReference; lastKnownFileType = file.storyboard; name = Base; path = Base.lproj/LaunchScreen.storyboard; sourceTree = "<group>"; };
		DC168C4E25F3C56800D9E1D4 /* Info.plist */ = {isa = PBXFileReference; lastKnownFileType = text.plist.xml; path = Info.plist; sourceTree = "<group>"; };
		DC168C5625F3D26600D9E1D4 /* UIView+layout.swift */ = {isa = PBXFileReference; fileEncoding = 4; lastKnownFileType = sourcecode.swift; path = "UIView+layout.swift"; sourceTree = "<group>"; };
		DC168C5825F3D27700D9E1D4 /* UIStackView+predefinedStackView.swift */ = {isa = PBXFileReference; fileEncoding = 4; lastKnownFileType = sourcecode.swift; path = "UIStackView+predefinedStackView.swift"; sourceTree = "<group>"; };
		DC1E1F9125F7618E00A99BA1 /* UIView+onesideBorder.swift */ = {isa = PBXFileReference; fileEncoding = 4; lastKnownFileType = sourcecode.swift; path = "UIView+onesideBorder.swift"; sourceTree = "<group>"; };
		DC1E1F9325F7A35400A99BA1 /* LoginController.swift */ = {isa = PBXFileReference; lastKnownFileType = sourcecode.swift; path = LoginController.swift; sourceTree = "<group>"; };
		DC361E7725FB296800E09675 /* InstagramFirebaseService.swift */ = {isa = PBXFileReference; lastKnownFileType = sourcecode.swift; path = InstagramFirebaseService.swift; sourceTree = "<group>"; };
		DC361E7E25FB53D100E09675 /* UserSearchController.swift */ = {isa = PBXFileReference; lastKnownFileType = sourcecode.swift; path = UserSearchController.swift; sourceTree = "<group>"; };
		DC361E8025FB57A400E09675 /* UserSearchCell.swift */ = {isa = PBXFileReference; lastKnownFileType = sourcecode.swift; path = UserSearchCell.swift; sourceTree = "<group>"; };
		DC5BB5F126032B3B003CCE68 /* PreviewView.swift */ = {isa = PBXFileReference; lastKnownFileType = sourcecode.swift; path = PreviewView.swift; sourceTree = "<group>"; };
		DC5BB5F326032B74003CCE68 /* ItemSelectionController.swift */ = {isa = PBXFileReference; lastKnownFileType = sourcecode.swift; path = ItemSelectionController.swift; sourceTree = "<group>"; };
		DC5BB5F526032BCF003CCE68 /* PhotoCaptureDelegate.swift */ = {isa = PBXFileReference; lastKnownFileType = sourcecode.swift; path = PhotoCaptureDelegate.swift; sourceTree = "<group>"; };
		DC5BB5F726033496003CCE68 /* CameraController.xib */ = {isa = PBXFileReference; lastKnownFileType = file.xib; path = CameraController.xib; sourceTree = "<group>"; };
		DC5BB5FA26039D13003CCE68 /* PopAnimator.swift */ = {isa = PBXFileReference; lastKnownFileType = sourcecode.swift; path = PopAnimator.swift; sourceTree = "<group>"; };
		DC5BB5FC26039D71003CCE68 /* HomeController+transitioningDelegate.swift */ = {isa = PBXFileReference; lastKnownFileType = sourcecode.swift; path = "HomeController+transitioningDelegate.swift"; sourceTree = "<group>"; };
		DC5D69A12601A1D3008E5BCC /* CameraController.swift */ = {isa = PBXFileReference; lastKnownFileType = sourcecode.swift; path = CameraController.swift; sourceTree = "<group>"; };
		DC647F782600634C0079579D /* Date+timeAgo.swift */ = {isa = PBXFileReference; lastKnownFileType = sourcecode.swift; path = "Date+timeAgo.swift"; sourceTree = "<group>"; };
		DC766B4225F9A64C0051EA14 /* PostPhotoController.swift */ = {isa = PBXFileReference; lastKnownFileType = sourcecode.swift; path = PostPhotoController.swift; sourceTree = "<group>"; };
		DC766B4425F9D8410051EA14 /* Post.swift */ = {isa = PBXFileReference; lastKnownFileType = sourcecode.swift; path = Post.swift; sourceTree = "<group>"; };
		DC766B4625F9F0D80051EA14 /* UserProfileCell.swift */ = {isa = PBXFileReference; lastKnownFileType = sourcecode.swift; path = UserProfileCell.swift; sourceTree = "<group>"; };
		DC766B4825FA04BE0051EA14 /* ImageFetcherView.swift */ = {isa = PBXFileReference; lastKnownFileType = sourcecode.swift; path = ImageFetcherView.swift; sourceTree = "<group>"; };
		DC766B4A25FA15DD0051EA14 /* HomeController.swift */ = {isa = PBXFileReference; lastKnownFileType = sourcecode.swift; path = HomeController.swift; sourceTree = "<group>"; };
		DC766B4C25FA169D0051EA14 /* HomeCell.swift */ = {isa = PBXFileReference; lastKnownFileType = sourcecode.swift; path = HomeCell.swift; sourceTree = "<group>"; };
		DC766B4F25FA1D170051EA14 /* InstagramFileManager.swift */ = {isa = PBXFileReference; lastKnownFileType = sourcecode.swift; path = InstagramFileManager.swift; sourceTree = "<group>"; };
		DC766B5325FA47970051EA14 /* HomeCell.xib */ = {isa = PBXFileReference; lastKnownFileType = file.xib; path = HomeCell.xib; sourceTree = "<group>"; };
		DC7881FF25FF59CF002E4F5F /* LoadingButton.swift */ = {isa = PBXFileReference; lastKnownFileType = sourcecode.swift; path = LoadingButton.swift; sourceTree = "<group>"; };
		DC88672D25F879E900C92257 /* PhotoSelectorController.swift */ = {isa = PBXFileReference; lastKnownFileType = sourcecode.swift; path = PhotoSelectorController.swift; sourceTree = "<group>"; };
		DC88672F25F8A03A00C92257 /* PhotoSelectorCell.swift */ = {isa = PBXFileReference; lastKnownFileType = sourcecode.swift; path = PhotoSelectorCell.swift; sourceTree = "<group>"; };
		DC9D2A4D25F4FE7700AA4AAA /* UIImage+colorConstructor.swift */ = {isa = PBXFileReference; fileEncoding = 4; lastKnownFileType = sourcecode.swift; path = "UIImage+colorConstructor.swift"; sourceTree = "<group>"; };
		DCBE223125F670A2000E3A4F /* GoogleService-Info.plist */ = {isa = PBXFileReference; fileEncoding = 4; lastKnownFileType = text.plist.xml; path = "GoogleService-Info.plist"; sourceTree = "<group>"; };
/* End PBXFileReference section */

/* Begin PBXFrameworksBuildPhase section */
		DC168C3A25F3C56700D9E1D4 /* Frameworks */ = {
			isa = PBXFrameworksBuildPhase;
			buildActionMask = 2147483647;
			files = (
				1CC71B9C3187D1823E6CB850 /* Pods_InstagramFirebase.framework in Frameworks */,
			);
			runOnlyForDeploymentPostprocessing = 0;
		};
/* End PBXFrameworksBuildPhase section */

/* Begin PBXGroup section */
		35B6C1A84565E48DA59A4B1F /* Pods */ = {
			isa = PBXGroup;
			children = (
				442D0C9A392F29E2430D7859 /* Pods-InstagramFirebase.debug.xcconfig */,
				66066048BFB49B4F00E572F0 /* Pods-InstagramFirebase.release.xcconfig */,
			);
			path = Pods;
			sourceTree = "<group>";
		};
		68452FF0D4CC3853F2E79B92 /* Frameworks */ = {
			isa = PBXGroup;
			children = (
				7C7CA14AE196B5464008DE0B /* Pods_InstagramFirebase.framework */,
			);
			name = Frameworks;
			sourceTree = "<group>";
		};
		DC0BB25625F714CC00F7FE5E /* PhotoPoster */ = {
			isa = PBXGroup;
			children = (
				DC88672D25F879E900C92257 /* PhotoSelectorController.swift */,
				DC766B4225F9A64C0051EA14 /* PostPhotoController.swift */,
				DC101D2625F908AF00626833 /* PhotoSelectorHeader.swift */,
				DC88672F25F8A03A00C92257 /* PhotoSelectorCell.swift */,
			);
			path = PhotoPoster;
			sourceTree = "<group>";
		};
		DC0BB25B25F7343500F7FE5E /* Views */ = {
			isa = PBXGroup;
			children = (
				DC766B4825FA04BE0051EA14 /* ImageFetcherView.swift */,
				DC7881FF25FF59CF002E4F5F /* LoadingButton.swift */,
			);
			path = Views;
			sourceTree = "<group>";
		};
		DC0BB26025F738F600F7FE5E /* Model */ = {
			isa = PBXGroup;
			children = (
				DC766B4425F9D8410051EA14 /* Post.swift */,
				DC0BB26125F7390000F7FE5E /* User.swift */,
			);
			path = Model;
			sourceTree = "<group>";
		};
		DC168C3425F3C56600D9E1D4 = {
			isa = PBXGroup;
			children = (
				DC168C3F25F3C56700D9E1D4 /* InstagramFirebase */,
				DC168C3E25F3C56700D9E1D4 /* Products */,
				35B6C1A84565E48DA59A4B1F /* Pods */,
				68452FF0D4CC3853F2E79B92 /* Frameworks */,
			);
			sourceTree = "<group>";
		};
		DC168C3E25F3C56700D9E1D4 /* Products */ = {
			isa = PBXGroup;
			children = (
				DC168C3D25F3C56700D9E1D4 /* InstagramFirebase.app */,
			);
			name = Products;
			sourceTree = "<group>";
		};
		DC168C3F25F3C56700D9E1D4 /* InstagramFirebase */ = {
			isa = PBXGroup;
			children = (
				DC361E7C25FB52C100E09675 /* Root */,
				DC5D69A02601A1C0008E5BCC /* Camera */,
				DC5BB5F926039CE2003CCE68 /* Transition */,
				DC361E7925FB515100E09675 /* Home */,
				DC361E7D25FB53A700E09675 /* Search */,
				DC0BB25625F714CC00F7FE5E /* PhotoPoster */,
				DC361E7A25FB515C00E09675 /* UserProfile */,
				DC0BB26025F738F600F7FE5E /* Model */,
				DC0BB25B25F7343500F7FE5E /* Views */,
				DC766B4E25FA1D020051EA14 /* Utilites */,
				DC168C5525F3D25600D9E1D4 /* Extensions */,
				DC168C5425F3C57900D9E1D4 /* Supporting files */,
				DC168C4E25F3C56800D9E1D4 /* Info.plist */,
				DCBE223125F670A2000E3A4F /* GoogleService-Info.plist */,
			);
			path = InstagramFirebase;
			sourceTree = "<group>";
		};
		DC168C5425F3C57900D9E1D4 /* Supporting files */ = {
			isa = PBXGroup;
			children = (
				DC0BB25E25F736A400F7FE5E /* CellID.swift */,
				DC168C4025F3C56700D9E1D4 /* AppDelegate.swift */,
				DC168C4225F3C56700D9E1D4 /* SceneDelegate.swift */,
				DC168C4925F3C56800D9E1D4 /* Assets.xcassets */,
				DC168C4B25F3C56800D9E1D4 /* LaunchScreen.storyboard */,
			);
			path = "Supporting files";
			sourceTree = "<group>";
		};
		DC168C5525F3D25600D9E1D4 /* Extensions */ = {
			isa = PBXGroup;
			children = (
				DC168C5625F3D26600D9E1D4 /* UIView+layout.swift */,
				DC1E1F9125F7618E00A99BA1 /* UIView+onesideBorder.swift */,
				DC9D2A4D25F4FE7700AA4AAA /* UIImage+colorConstructor.swift */,
				DC168C5825F3D27700D9E1D4 /* UIStackView+predefinedStackView.swift */,
				DC0BB25925F7165600F7FE5E /* UIViewController+navInTabBar.swift */,
				DC647F782600634C0079579D /* Date+timeAgo.swift */,
			);
			path = Extensions;
			sourceTree = "<group>";
		};
		DC361E7925FB515100E09675 /* Home */ = {
			isa = PBXGroup;
			children = (
				DC766B4A25FA15DD0051EA14 /* HomeController.swift */,
				DC766B4C25FA169D0051EA14 /* HomeCell.swift */,
				DC766B5325FA47970051EA14 /* HomeCell.xib */,
			);
			path = Home;
			sourceTree = "<group>";
		};
		DC361E7A25FB515C00E09675 /* UserProfile */ = {
			isa = PBXGroup;
			children = (
				DC0BB25725F7155800F7FE5E /* UserProfileController.swift */,
				DC0BB25C25F7345200F7FE5E /* UserProfileHeader.swift */,
				DC766B4625F9F0D80051EA14 /* UserProfileCell.swift */,
			);
			path = UserProfile;
			sourceTree = "<group>";
		};
		DC361E7B25FB51CE00E09675 /* SignInOut */ = {
			isa = PBXGroup;
			children = (
				DC168C4425F3C56700D9E1D4 /* SignUpController.swift */,
				DC1E1F9325F7A35400A99BA1 /* LoginController.swift */,
			);
			path = SignInOut;
			sourceTree = "<group>";
		};
		DC361E7C25FB52C100E09675 /* Root */ = {
			isa = PBXGroup;
			children = (
				DC0BB25425F714BE00F7FE5E /* MainTabBarController.swift */,
				DC361E7B25FB51CE00E09675 /* SignInOut */,
			);
			path = Root;
			sourceTree = "<group>";
		};
		DC361E7D25FB53A700E09675 /* Search */ = {
			isa = PBXGroup;
			children = (
				DC361E7E25FB53D100E09675 /* UserSearchController.swift */,
				DC361E8025FB57A400E09675 /* UserSearchCell.swift */,
			);
			path = Search;
			sourceTree = "<group>";
		};
		DC5BB5F926039CE2003CCE68 /* Transition */ = {
			isa = PBXGroup;
			children = (
				DC5BB5FA26039D13003CCE68 /* PopAnimator.swift */,
				DC5BB5FC26039D71003CCE68 /* HomeController+transitioningDelegate.swift */,
			);
			path = Transition;
			sourceTree = "<group>";
		};
		DC5D69A02601A1C0008E5BCC /* Camera */ = {
			isa = PBXGroup;
			children = (
				DC5D69A12601A1D3008E5BCC /* CameraController.swift */,
				DC5BB5F126032B3B003CCE68 /* PreviewView.swift */,
				DC5BB5F326032B74003CCE68 /* ItemSelectionController.swift */,
				DC5BB5F526032BCF003CCE68 /* PhotoCaptureDelegate.swift */,
				DC5BB5F726033496003CCE68 /* CameraController.xib */,
			);
			path = Camera;
			sourceTree = "<group>";
		};
		DC766B4E25FA1D020051EA14 /* Utilites */ = {
			isa = PBXGroup;
			children = (
				DC766B4F25FA1D170051EA14 /* InstagramFileManager.swift */,
				DC361E7725FB296800E09675 /* InstagramFirebaseService.swift */,
			);
			path = Utilites;
			sourceTree = "<group>";
		};
/* End PBXGroup section */

/* Begin PBXNativeTarget section */
		DC168C3C25F3C56700D9E1D4 /* InstagramFirebase */ = {
			isa = PBXNativeTarget;
			buildConfigurationList = DC168C5125F3C56800D9E1D4 /* Build configuration list for PBXNativeTarget "InstagramFirebase" */;
			buildPhases = (
				B8DC56AC13EDEBF93D5620E7 /* [CP] Check Pods Manifest.lock */,
				DC168C3925F3C56700D9E1D4 /* Sources */,
				DC168C3A25F3C56700D9E1D4 /* Frameworks */,
				DC168C3B25F3C56700D9E1D4 /* Resources */,
				EC45213D01FB81DF36196947 /* [CP] Embed Pods Frameworks */,
			);
			buildRules = (
			);
			dependencies = (
			);
			name = InstagramFirebase;
			productName = InstagramFirebase;
			productReference = DC168C3D25F3C56700D9E1D4 /* InstagramFirebase.app */;
			productType = "com.apple.product-type.application";
		};
/* End PBXNativeTarget section */

/* Begin PBXProject section */
		DC168C3525F3C56600D9E1D4 /* Project object */ = {
			isa = PBXProject;
			attributes = {
				LastSwiftUpdateCheck = 1160;
				LastUpgradeCheck = 1160;
				ORGANIZATIONNAME = Brevity;
				TargetAttributes = {
					DC168C3C25F3C56700D9E1D4 = {
						CreatedOnToolsVersion = 11.6;
					};
				};
			};
			buildConfigurationList = DC168C3825F3C56600D9E1D4 /* Build configuration list for PBXProject "InstagramFirebase" */;
			compatibilityVersion = "Xcode 9.3";
			developmentRegion = en;
			hasScannedForEncodings = 0;
			knownRegions = (
				en,
				Base,
			);
			mainGroup = DC168C3425F3C56600D9E1D4;
			productRefGroup = DC168C3E25F3C56700D9E1D4 /* Products */;
			projectDirPath = "";
			projectRoot = "";
			targets = (
				DC168C3C25F3C56700D9E1D4 /* InstagramFirebase */,
			);
		};
/* End PBXProject section */

/* Begin PBXResourcesBuildPhase section */
		DC168C3B25F3C56700D9E1D4 /* Resources */ = {
			isa = PBXResourcesBuildPhase;
			buildActionMask = 2147483647;
			files = (
				DC168C4D25F3C56800D9E1D4 /* LaunchScreen.storyboard in Resources */,
				DC168C4A25F3C56800D9E1D4 /* Assets.xcassets in Resources */,
				DC5BB5F826033496003CCE68 /* CameraController.xib in Resources */,
				DC766B5425FA47970051EA14 /* HomeCell.xib in Resources */,
				DCBE223225F670A2000E3A4F /* GoogleService-Info.plist in Resources */,
			);
			runOnlyForDeploymentPostprocessing = 0;
		};
/* End PBXResourcesBuildPhase section */

/* Begin PBXShellScriptBuildPhase section */
		B8DC56AC13EDEBF93D5620E7 /* [CP] Check Pods Manifest.lock */ = {
			isa = PBXShellScriptBuildPhase;
			buildActionMask = 2147483647;
			files = (
			);
			inputFileListPaths = (
			);
			inputPaths = (
				"${PODS_PODFILE_DIR_PATH}/Podfile.lock",
				"${PODS_ROOT}/Manifest.lock",
			);
			name = "[CP] Check Pods Manifest.lock";
			outputFileListPaths = (
			);
			outputPaths = (
				"$(DERIVED_FILE_DIR)/Pods-InstagramFirebase-checkManifestLockResult.txt",
			);
			runOnlyForDeploymentPostprocessing = 0;
			shellPath = /bin/sh;
			shellScript = "diff \"${PODS_PODFILE_DIR_PATH}/Podfile.lock\" \"${PODS_ROOT}/Manifest.lock\" > /dev/null\nif [ $? != 0 ] ; then\n    # print error to STDERR\n    echo \"error: The sandbox is not in sync with the Podfile.lock. Run 'pod install' or update your CocoaPods installation.\" >&2\n    exit 1\nfi\n# This output is used by Xcode 'outputs' to avoid re-running this script phase.\necho \"SUCCESS\" > \"${SCRIPT_OUTPUT_FILE_0}\"\n";
			showEnvVarsInLog = 0;
		};
		EC45213D01FB81DF36196947 /* [CP] Embed Pods Frameworks */ = {
			isa = PBXShellScriptBuildPhase;
			buildActionMask = 2147483647;
			files = (
			);
			inputFileListPaths = (
				"${PODS_ROOT}/Target Support Files/Pods-InstagramFirebase/Pods-InstagramFirebase-frameworks-${CONFIGURATION}-input-files.xcfilelist",
			);
			name = "[CP] Embed Pods Frameworks";
			outputFileListPaths = (
				"${PODS_ROOT}/Target Support Files/Pods-InstagramFirebase/Pods-InstagramFirebase-frameworks-${CONFIGURATION}-output-files.xcfilelist",
			);
			runOnlyForDeploymentPostprocessing = 0;
			shellPath = /bin/sh;
			shellScript = "\"${PODS_ROOT}/Target Support Files/Pods-InstagramFirebase/Pods-InstagramFirebase-frameworks.sh\"\n";
			showEnvVarsInLog = 0;
		};
/* End PBXShellScriptBuildPhase section */

/* Begin PBXSourcesBuildPhase section */
		DC168C3925F3C56700D9E1D4 /* Sources */ = {
			isa = PBXSourcesBuildPhase;
			buildActionMask = 2147483647;
			files = (
				DC0BB25F25F736A400F7FE5E /* CellID.swift in Sources */,
				DC168C5725F3D26600D9E1D4 /* UIView+layout.swift in Sources */,
				DC766B4B25FA15DD0051EA14 /* HomeController.swift in Sources */,
				DC168C4525F3C56700D9E1D4 /* SignUpController.swift in Sources */,
				DC0BB25825F7155800F7FE5E /* UserProfileController.swift in Sources */,
				DC361E7825FB296800E09675 /* InstagramFirebaseService.swift in Sources */,
				DC5BB5F626032BCF003CCE68 /* PhotoCaptureDelegate.swift in Sources */,
				DC766B4D25FA169D0051EA14 /* HomeCell.swift in Sources */,
				DC766B5025FA1D170051EA14 /* InstagramFileManager.swift in Sources */,
				DC78820025FF59CF002E4F5F /* LoadingButton.swift in Sources */,
				DC647F792600634C0079579D /* Date+timeAgo.swift in Sources */,
				DC88672E25F879E900C92257 /* PhotoSelectorController.swift in Sources */,
				DC5BB5FB26039D13003CCE68 /* PopAnimator.swift in Sources */,
				DC168C4125F3C56700D9E1D4 /* AppDelegate.swift in Sources */,
				DC0BB25525F714BE00F7FE5E /* MainTabBarController.swift in Sources */,
				DC1E1F9225F7618E00A99BA1 /* UIView+onesideBorder.swift in Sources */,
				DC766B4925FA04BE0051EA14 /* ImageFetcherView.swift in Sources */,
				DC361E8125FB57A400E09675 /* UserSearchCell.swift in Sources */,
				DC5BB5F426032B74003CCE68 /* ItemSelectionController.swift in Sources */,
				DC168C4325F3C56700D9E1D4 /* SceneDelegate.swift in Sources */,
				DC101D2725F908AF00626833 /* PhotoSelectorHeader.swift in Sources */,
				DC9D2A4E25F4FE7700AA4AAA /* UIImage+colorConstructor.swift in Sources */,
				DC88673025F8A03A00C92257 /* PhotoSelectorCell.swift in Sources */,
				DC766B4325F9A64C0051EA14 /* PostPhotoController.swift in Sources */,
				DC361E7F25FB53D100E09675 /* UserSearchController.swift in Sources */,
				DC0BB26225F7390000F7FE5E /* User.swift in Sources */,
				DC0BB25D25F7345200F7FE5E /* UserProfileHeader.swift in Sources */,
				DC5BB5FD26039D71003CCE68 /* HomeController+transitioningDelegate.swift in Sources */,
				DC5D69A22601A1D3008E5BCC /* CameraController.swift in Sources */,
				DC168C5925F3D27800D9E1D4 /* UIStackView+predefinedStackView.swift in Sources */,
				DC766B4725F9F0D90051EA14 /* UserProfileCell.swift in Sources */,
				DC766B4525F9D8410051EA14 /* Post.swift in Sources */,
				DC5BB5F226032B3B003CCE68 /* PreviewView.swift in Sources */,
				DC0BB25A25F7165600F7FE5E /* UIViewController+navInTabBar.swift in Sources */,
				DC1E1F9425F7A35400A99BA1 /* LoginController.swift in Sources */,
			);
			runOnlyForDeploymentPostprocessing = 0;
		};
/* End PBXSourcesBuildPhase section */

/* Begin PBXVariantGroup section */
		DC168C4B25F3C56800D9E1D4 /* LaunchScreen.storyboard */ = {
			isa = PBXVariantGroup;
			children = (
				DC168C4C25F3C56800D9E1D4 /* Base */,
			);
			name = LaunchScreen.storyboard;
			sourceTree = "<group>";
		};
/* End PBXVariantGroup section */

/* Begin XCBuildConfiguration section */
		DC168C4F25F3C56800D9E1D4 /* Debug */ = {
			isa = XCBuildConfiguration;
			buildSettings = {
				ALWAYS_SEARCH_USER_PATHS = NO;
				CLANG_ANALYZER_NONNULL = YES;
				CLANG_ANALYZER_NUMBER_OBJECT_CONVERSION = YES_AGGRESSIVE;
				CLANG_CXX_LANGUAGE_STANDARD = "gnu++14";
				CLANG_CXX_LIBRARY = "libc++";
				CLANG_ENABLE_MODULES = YES;
				CLANG_ENABLE_OBJC_ARC = YES;
				CLANG_ENABLE_OBJC_WEAK = YES;
				CLANG_WARN_BLOCK_CAPTURE_AUTORELEASING = YES;
				CLANG_WARN_BOOL_CONVERSION = YES;
				CLANG_WARN_COMMA = YES;
				CLANG_WARN_CONSTANT_CONVERSION = YES;
				CLANG_WARN_DEPRECATED_OBJC_IMPLEMENTATIONS = YES;
				CLANG_WARN_DIRECT_OBJC_ISA_USAGE = YES_ERROR;
				CLANG_WARN_DOCUMENTATION_COMMENTS = YES;
				CLANG_WARN_EMPTY_BODY = YES;
				CLANG_WARN_ENUM_CONVERSION = YES;
				CLANG_WARN_INFINITE_RECURSION = YES;
				CLANG_WARN_INT_CONVERSION = YES;
				CLANG_WARN_NON_LITERAL_NULL_CONVERSION = YES;
				CLANG_WARN_OBJC_IMPLICIT_RETAIN_SELF = YES;
				CLANG_WARN_OBJC_LITERAL_CONVERSION = YES;
				CLANG_WARN_OBJC_ROOT_CLASS = YES_ERROR;
				CLANG_WARN_RANGE_LOOP_ANALYSIS = YES;
				CLANG_WARN_STRICT_PROTOTYPES = YES;
				CLANG_WARN_SUSPICIOUS_MOVE = YES;
				CLANG_WARN_UNGUARDED_AVAILABILITY = YES_AGGRESSIVE;
				CLANG_WARN_UNREACHABLE_CODE = YES;
				CLANG_WARN__DUPLICATE_METHOD_MATCH = YES;
				COPY_PHASE_STRIP = NO;
				DEBUG_INFORMATION_FORMAT = dwarf;
				ENABLE_STRICT_OBJC_MSGSEND = YES;
				ENABLE_TESTABILITY = YES;
				GCC_C_LANGUAGE_STANDARD = gnu11;
				GCC_DYNAMIC_NO_PIC = NO;
				GCC_NO_COMMON_BLOCKS = YES;
				GCC_OPTIMIZATION_LEVEL = 0;
				GCC_PREPROCESSOR_DEFINITIONS = (
					"DEBUG=1",
					"$(inherited)",
				);
				GCC_WARN_64_TO_32_BIT_CONVERSION = YES;
				GCC_WARN_ABOUT_RETURN_TYPE = YES_ERROR;
				GCC_WARN_UNDECLARED_SELECTOR = YES;
				GCC_WARN_UNINITIALIZED_AUTOS = YES_AGGRESSIVE;
				GCC_WARN_UNUSED_FUNCTION = YES;
				GCC_WARN_UNUSED_VARIABLE = YES;
				IPHONEOS_DEPLOYMENT_TARGET = 13.2;
				MTL_ENABLE_DEBUG_INFO = INCLUDE_SOURCE;
				MTL_FAST_MATH = YES;
				ONLY_ACTIVE_ARCH = YES;
				SDKROOT = iphoneos;
				SWIFT_ACTIVE_COMPILATION_CONDITIONS = DEBUG;
				SWIFT_OPTIMIZATION_LEVEL = "-Onone";
			};
			name = Debug;
		};
		DC168C5025F3C56800D9E1D4 /* Release */ = {
			isa = XCBuildConfiguration;
			buildSettings = {
				ALWAYS_SEARCH_USER_PATHS = NO;
				CLANG_ANALYZER_NONNULL = YES;
				CLANG_ANALYZER_NUMBER_OBJECT_CONVERSION = YES_AGGRESSIVE;
				CLANG_CXX_LANGUAGE_STANDARD = "gnu++14";
				CLANG_CXX_LIBRARY = "libc++";
				CLANG_ENABLE_MODULES = YES;
				CLANG_ENABLE_OBJC_ARC = YES;
				CLANG_ENABLE_OBJC_WEAK = YES;
				CLANG_WARN_BLOCK_CAPTURE_AUTORELEASING = YES;
				CLANG_WARN_BOOL_CONVERSION = YES;
				CLANG_WARN_COMMA = YES;
				CLANG_WARN_CONSTANT_CONVERSION = YES;
				CLANG_WARN_DEPRECATED_OBJC_IMPLEMENTATIONS = YES;
				CLANG_WARN_DIRECT_OBJC_ISA_USAGE = YES_ERROR;
				CLANG_WARN_DOCUMENTATION_COMMENTS = YES;
				CLANG_WARN_EMPTY_BODY = YES;
				CLANG_WARN_ENUM_CONVERSION = YES;
				CLANG_WARN_INFINITE_RECURSION = YES;
				CLANG_WARN_INT_CONVERSION = YES;
				CLANG_WARN_NON_LITERAL_NULL_CONVERSION = YES;
				CLANG_WARN_OBJC_IMPLICIT_RETAIN_SELF = YES;
				CLANG_WARN_OBJC_LITERAL_CONVERSION = YES;
				CLANG_WARN_OBJC_ROOT_CLASS = YES_ERROR;
				CLANG_WARN_RANGE_LOOP_ANALYSIS = YES;
				CLANG_WARN_STRICT_PROTOTYPES = YES;
				CLANG_WARN_SUSPICIOUS_MOVE = YES;
				CLANG_WARN_UNGUARDED_AVAILABILITY = YES_AGGRESSIVE;
				CLANG_WARN_UNREACHABLE_CODE = YES;
				CLANG_WARN__DUPLICATE_METHOD_MATCH = YES;
				COPY_PHASE_STRIP = NO;
				DEBUG_INFORMATION_FORMAT = "dwarf-with-dsym";
				ENABLE_NS_ASSERTIONS = NO;
				ENABLE_STRICT_OBJC_MSGSEND = YES;
				GCC_C_LANGUAGE_STANDARD = gnu11;
				GCC_NO_COMMON_BLOCKS = YES;
				GCC_WARN_64_TO_32_BIT_CONVERSION = YES;
				GCC_WARN_ABOUT_RETURN_TYPE = YES_ERROR;
				GCC_WARN_UNDECLARED_SELECTOR = YES;
				GCC_WARN_UNINITIALIZED_AUTOS = YES_AGGRESSIVE;
				GCC_WARN_UNUSED_FUNCTION = YES;
				GCC_WARN_UNUSED_VARIABLE = YES;
				IPHONEOS_DEPLOYMENT_TARGET = 13.2;
				MTL_ENABLE_DEBUG_INFO = NO;
				MTL_FAST_MATH = YES;
				SDKROOT = iphoneos;
				SWIFT_COMPILATION_MODE = wholemodule;
				SWIFT_OPTIMIZATION_LEVEL = "-O";
				VALIDATE_PRODUCT = YES;
			};
			name = Release;
		};
		DC168C5225F3C56800D9E1D4 /* Debug */ = {
			isa = XCBuildConfiguration;
			baseConfigurationReference = 442D0C9A392F29E2430D7859 /* Pods-InstagramFirebase.debug.xcconfig */;
			buildSettings = {
				ASSETCATALOG_COMPILER_APPICON_NAME = AppIcon;
				CODE_SIGN_STYLE = Automatic;
				DEVELOPMENT_TEAM = CRF7U674EN;
				INFOPLIST_FILE = InstagramFirebase/Info.plist;
				LD_RUNPATH_SEARCH_PATHS = (
					"$(inherited)",
					"@executable_path/Frameworks",
				);
				PRODUCT_BUNDLE_IDENTIFIER = China.FoeverKid.FreeLove.InstagramFirebase;
				PRODUCT_NAME = "$(TARGET_NAME)";
				SWIFT_VERSION = 5.0;
				TARGETED_DEVICE_FAMILY = "1,2";
			};
			name = Debug;
		};
		DC168C5325F3C56800D9E1D4 /* Release */ = {
			isa = XCBuildConfiguration;
			baseConfigurationReference = 66066048BFB49B4F00E572F0 /* Pods-InstagramFirebase.release.xcconfig */;
			buildSettings = {
				ASSETCATALOG_COMPILER_APPICON_NAME = AppIcon;
				CODE_SIGN_STYLE = Automatic;
				DEVELOPMENT_TEAM = CRF7U674EN;
				INFOPLIST_FILE = InstagramFirebase/Info.plist;
				LD_RUNPATH_SEARCH_PATHS = (
					"$(inherited)",
					"@executable_path/Frameworks",
				);
				PRODUCT_BUNDLE_IDENTIFIER = China.FoeverKid.FreeLove.InstagramFirebase;
				PRODUCT_NAME = "$(TARGET_NAME)";
				SWIFT_VERSION = 5.0;
				TARGETED_DEVICE_FAMILY = "1,2";
			};
			name = Release;
		};
/* End XCBuildConfiguration section */

/* Begin XCConfigurationList section */
		DC168C3825F3C56600D9E1D4 /* Build configuration list for PBXProject "InstagramFirebase" */ = {
			isa = XCConfigurationList;
			buildConfigurations = (
				DC168C4F25F3C56800D9E1D4 /* Debug */,
				DC168C5025F3C56800D9E1D4 /* Release */,
			);
			defaultConfigurationIsVisible = 0;
			defaultConfigurationName = Release;
		};
		DC168C5125F3C56800D9E1D4 /* Build configuration list for PBXNativeTarget "InstagramFirebase" */ = {
			isa = XCConfigurationList;
			buildConfigurations = (
				DC168C5225F3C56800D9E1D4 /* Debug */,
				DC168C5325F3C56800D9E1D4 /* Release */,
			);
			defaultConfigurationIsVisible = 0;
			defaultConfigurationName = Release;
		};
/* End XCConfigurationList section */
	};
	rootObject = DC168C3525F3C56600D9E1D4 /* Project object */;
}
